{
    "version": 3,
    "terraform_version": "0.11.7",
    "serial": 7,
    "lineage": "4511ad05-f1e6-6055-f261-e5e48aae78df",
    "modules": [
        {
            "path": [
                "root"
            ],
            "outputs": {},
            "resources": {
                "aws_key_pair.my-key": {
                    "type": "aws_key_pair",
                    "depends_on": [],
                    "primary": {
                        "id": "my-key",
                        "attributes": {
                            "fingerprint": "e9:9f:1b:52:f9:ad:c2:13:62:d9:ef:a5:ef:f5:30:f2",
                            "id": "my-key",
                            "key_name": "my-key",
                            "public_key": "ssh-rsa AAAAB3NzaC1yc2EAAAADAQABAAABAQDaZ1RVCIRANk8vVwDrtIdP3sfe2DXDohx1NR3N7PojTZDwn6Ge4ltH27K6dKa8iznG6KchuXF4MUoliY1/Nx40HPrxzk0mMy9FByIyrgpeAYv4ZDZvbhXack8HuGWgKVVHvjwIAGDpsUKwLYHKQ4IdVqy6cOPaOmYsZN/nqXEvQPjeobdwQMcqNpAqMGIoWCBLzryT0QV/kpAQwxHwaYi37yfhB/tFpDR06RAhRn6ntgBvaDZu6HxbRAaGbAUfiHH3XU6e8sqx9oOFwmzbZ0momXATUXAcfoSlBnAYsfFbp16L9Ctl5nvmepTHqgWOROnW+dyf5kYdmiXQeRyQs7yP vikash@LAPTOP-VM8HATNP"
                        },
                        "meta": {
                            "schema_version": "1"
                        },
                        "tainted": false
                    },
                    "deposed": [],
                    "provider": "provider.aws"
                },
                "aws_security_group.web-node-secgroup": {
                    "type": "aws_security_group",
                    "depends_on": [],
                    "primary": {
                        "id": "sg-03da1167585e7e6eb",
                        "attributes": {
                            "arn": "arn:aws:ec2:us-east-1:964532507049:security-group/sg-03da1167585e7e6eb",
                            "description": "Web Security Group",
                            "egress.#": "1",
                            "egress.482069346.cidr_blocks.#": "1",
                            "egress.482069346.cidr_blocks.0": "0.0.0.0/0",
                            "egress.482069346.description": "",
                            "egress.482069346.from_port": "0",
                            "egress.482069346.ipv6_cidr_blocks.#": "0",
                            "egress.482069346.prefix_list_ids.#": "0",
                            "egress.482069346.protocol": "-1",
                            "egress.482069346.security_groups.#": "0",
                            "egress.482069346.self": "false",
                            "egress.482069346.to_port": "0",
                            "id": "sg-03da1167585e7e6eb",
                            "ingress.#": "2",
                            "ingress.2214680975.cidr_blocks.#": "1",
                            "ingress.2214680975.cidr_blocks.0": "0.0.0.0/0",
                            "ingress.2214680975.description": "",
                            "ingress.2214680975.from_port": "80",
                            "ingress.2214680975.ipv6_cidr_blocks.#": "0",
                            "ingress.2214680975.prefix_list_ids.#": "0",
                            "ingress.2214680975.protocol": "tcp",
                            "ingress.2214680975.security_groups.#": "0",
                            "ingress.2214680975.self": "false",
                            "ingress.2214680975.to_port": "80",
                            "ingress.2541437006.cidr_blocks.#": "1",
                            "ingress.2541437006.cidr_blocks.0": "0.0.0.0/0",
                            "ingress.2541437006.description": "",
                            "ingress.2541437006.from_port": "22",
                            "ingress.2541437006.ipv6_cidr_blocks.#": "0",
                            "ingress.2541437006.prefix_list_ids.#": "0",
                            "ingress.2541437006.protocol": "tcp",
                            "ingress.2541437006.security_groups.#": "0",
                            "ingress.2541437006.self": "false",
                            "ingress.2541437006.to_port": "22",
                            "name": "web-node-secgroup",
                            "owner_id": "964532507049",
                            "revoke_rules_on_delete": "false",
                            "tags.%": "0",
                            "vpc_id": "vpc-594db423"
                        },
                        "meta": {
                            "e2bfb730-ecaa-11e6-8f88-34363bc7c4c0": {
                                "create": 600000000000,
                                "delete": 600000000000
                            },
                            "schema_version": "1"
                        },
                        "tainted": false
                    },
                    "deposed": [],
                    "provider": "provider.aws"
                }
            },
            "depends_on": []
        }
    ]
}
