{
    "version": 3,
    "terraform_version": "0.11.7",
    "serial": 17,
    "lineage": "4511ad05-f1e6-6055-f261-e5e48aae78df",
    "modules": [
        {
            "path": [
                "root"
            ],
            "outputs": {
                "instance_publicip": {
                    "sensitive": false,
                    "type": "list",
                    "value": [
                        "172.31.0.26",
                        "172.31.0.177"
                    ]
                }
            },
            "resources": {
                "aws_instance.web-node.0": {
                    "type": "aws_instance",
                    "depends_on": [
                        "aws_key_pair.my-key",
                        "module.dev_vcp"
                    ],
                    "primary": {
                        "id": "i-0f3b50a05e6ab77cb",
                        "attributes": {
                            "ami": "ami-06b5810be11add0e2",
                            "arn": "arn:aws:ec2:us-east-1:964532507049:instance/i-0f3b50a05e6ab77cb",
                            "associate_public_ip_address": "true",
                            "availability_zone": "us-east-1c",
                            "cpu_core_count": "1",
                            "cpu_threads_per_core": "1",
                            "credit_specification.#": "1",
                            "credit_specification.0.cpu_credits": "standard",
                            "disable_api_termination": "false",
                            "ebs_block_device.#": "0",
                            "ebs_optimized": "false",
                            "ephemeral_block_device.#": "0",
                            "get_password_data": "false",
                            "iam_instance_profile": "",
                            "id": "i-0f3b50a05e6ab77cb",
                            "instance_state": "running",
                            "instance_type": "t2.micro",
                            "ipv6_addresses.#": "0",
                            "key_name": "my-key",
                            "monitoring": "false",
                            "network_interface.#": "0",
                            "network_interface_id": "eni-05650c62dbabcbf39",
                            "password_data": "",
                            "placement_group": "",
                            "primary_network_interface_id": "eni-05650c62dbabcbf39",
                            "private_dns": "ip-172-31-0-5.ec2.internal",
                            "private_ip": "172.31.0.5",
                            "public_dns": "",
                            "public_ip": "54.157.33.112",
                            "root_block_device.#": "1",
                            "root_block_device.0.delete_on_termination": "true",
                            "root_block_device.0.iops": "100",
                            "root_block_device.0.volume_id": "vol-0e68666ef61950c7b",
                            "root_block_device.0.volume_size": "8",
                            "root_block_device.0.volume_type": "gp2",
                            "security_groups.#": "0",
                            "source_dest_check": "true",
                            "subnet_id": "subnet-07b42eb6f96a18dac",
                            "tags.%": "1",
                            "tags.name": "Webserver-01-aws.domain.com",
                            "tenancy": "default",
                            "volume_tags.%": "0",
                            "vpc_security_group_ids.#": "1",
                            "vpc_security_group_ids.69366594": "sg-04df51fd85d0d2bb7"
                        },
                        "meta": {
                            "e2bfb730-ecaa-11e6-8f88-34363bc7c4c0": {
                                "create": 600000000000,
                                "delete": 1200000000000,
                                "update": 600000000000
                            },
                            "schema_version": "1"
                        },
                        "tainted": true
                    },
                    "deposed": [],
                    "provider": "provider.aws"
                },
                "aws_instance.web-node.1": {
                    "type": "aws_instance",
                    "depends_on": [
                        "aws_key_pair.my-key",
                        "module.dev_vcp"
                    ],
                    "primary": {
                        "id": "i-0f36a3237eda10bb0",
                        "attributes": {
                            "ami": "ami-06b5810be11add0e2",
                            "arn": "arn:aws:ec2:us-east-1:964532507049:instance/i-0f36a3237eda10bb0",
                            "associate_public_ip_address": "true",
                            "availability_zone": "us-east-1d",
                            "cpu_core_count": "1",
                            "cpu_threads_per_core": "1",
                            "credit_specification.#": "1",
                            "credit_specification.0.cpu_credits": "standard",
                            "disable_api_termination": "false",
                            "ebs_block_device.#": "0",
                            "ebs_optimized": "false",
                            "ephemeral_block_device.#": "0",
                            "get_password_data": "false",
                            "iam_instance_profile": "",
                            "id": "i-0f36a3237eda10bb0",
                            "instance_state": "running",
                            "instance_type": "t2.micro",
                            "ipv6_addresses.#": "0",
                            "key_name": "my-key",
                            "monitoring": "false",
                            "network_interface.#": "0",
                            "network_interface_id": "eni-0fe0e834223bfe53e",
                            "password_data": "",
                            "placement_group": "",
                            "primary_network_interface_id": "eni-0fe0e834223bfe53e",
                            "private_dns": "ip-172-31-0-189.ec2.internal",
                            "private_ip": "172.31.0.189",
                            "public_dns": "",
                            "public_ip": "100.25.98.39",
                            "root_block_device.#": "1",
                            "root_block_device.0.delete_on_termination": "true",
                            "root_block_device.0.iops": "100",
                            "root_block_device.0.volume_id": "vol-00f55a9154f498146",
                            "root_block_device.0.volume_size": "8",
                            "root_block_device.0.volume_type": "gp2",
                            "security_groups.#": "0",
                            "source_dest_check": "true",
                            "subnet_id": "subnet-0d023f070e7442a70",
                            "tags.%": "1",
                            "tags.name": "Webserver-02-aws.domain.com",
                            "tenancy": "default",
                            "volume_tags.%": "0",
                            "vpc_security_group_ids.#": "1",
                            "vpc_security_group_ids.69366594": "sg-04df51fd85d0d2bb7"
                        },
                        "meta": {
                            "e2bfb730-ecaa-11e6-8f88-34363bc7c4c0": {
                                "create": 600000000000,
                                "delete": 1200000000000,
                                "update": 600000000000
                            },
                            "schema_version": "1"
                        },
                        "tainted": true
                    },
                    "deposed": [],
                    "provider": "provider.aws"
                },
                "aws_key_pair.my-key": {
                    "type": "aws_key_pair",
                    "depends_on": [],
                    "primary": {
                        "id": "my-key",
                        "attributes": {
                            "fingerprint": "e9:9f:1b:52:f9:ad:c2:13:62:d9:ef:a5:ef:f5:30:f2",
                            "id": "my-key",
                            "key_name": "my-key",
                            "public_key": "ssh-rsa AAAAB3NzaC1yc2EAAAADAQABAAABAQDaZ1RVCIRANk8vVwDrtIdP3sfe2DXDohx1NR3N7PojTZDwn6Ge4ltH27K6dKa8iznG6KchuXF4MUoliY1/Nx40HPrxzk0mMy9FByIyrgpeAYv4ZDZvbhXack8HuGWgKVVHvjwIAGDpsUKwLYHKQ4IdVqy6cOPaOmYsZN/nqXEvQPjeobdwQMcqNpAqMGIoWCBLzryT0QV/kpAQwxHwaYi37yfhB/tFpDR06RAhRn6ntgBvaDZu6HxbRAaGbAUfiHH3XU6e8sqx9oOFwmzbZ0momXATUXAcfoSlBnAYsfFbp16L9Ctl5nvmepTHqgWOROnW+dyf5kYdmiXQeRyQs7yP vikash@LAPTOP-VM8HATNP"
                        },
                        "meta": {
                            "schema_version": "1"
                        },
                        "tainted": false
                    },
                    "deposed": [],
                    "provider": "provider.aws"
                }
            },
            "depends_on": []
        },
        {
            "path": [
                "root",
                "dev_vcp"
            ],
            "outputs": {
                "vcp_subnets": {
                    "sensitive": false,
                    "type": "list",
                    "value": [
                        "subnet-07b42eb6f96a18dac",
                        "subnet-0d023f070e7442a70"
                    ]
                },
                "vpc_id": {
                    "sensitive": false,
                    "type": "string",
                    "value": "vpc-0608253ef95c54d82"
                },
                "webnode_sec_group": {
                    "sensitive": false,
                    "type": "string",
                    "value": "sg-04df51fd85d0d2bb7"
                }
            },
            "resources": {
                "aws_security_group.web-node-secgroup": {
                    "type": "aws_security_group",
                    "depends_on": [
                        "aws_vpc.VPC_DEV"
                    ],
                    "primary": {
                        "id": "sg-04df51fd85d0d2bb7",
                        "attributes": {
                            "arn": "arn:aws:ec2:us-east-1:964532507049:security-group/sg-04df51fd85d0d2bb7",
                            "description": "Web Security Group Allow 80 and 22",
                            "egress.#": "1",
                            "egress.482069346.cidr_blocks.#": "1",
                            "egress.482069346.cidr_blocks.0": "0.0.0.0/0",
                            "egress.482069346.description": "",
                            "egress.482069346.from_port": "0",
                            "egress.482069346.ipv6_cidr_blocks.#": "0",
                            "egress.482069346.prefix_list_ids.#": "0",
                            "egress.482069346.protocol": "-1",
                            "egress.482069346.security_groups.#": "0",
                            "egress.482069346.self": "false",
                            "egress.482069346.to_port": "0",
                            "id": "sg-04df51fd85d0d2bb7",
                            "ingress.#": "2",
                            "ingress.2214680975.cidr_blocks.#": "1",
                            "ingress.2214680975.cidr_blocks.0": "0.0.0.0/0",
                            "ingress.2214680975.description": "",
                            "ingress.2214680975.from_port": "80",
                            "ingress.2214680975.ipv6_cidr_blocks.#": "0",
                            "ingress.2214680975.prefix_list_ids.#": "0",
                            "ingress.2214680975.protocol": "tcp",
                            "ingress.2214680975.security_groups.#": "0",
                            "ingress.2214680975.self": "false",
                            "ingress.2214680975.to_port": "80",
                            "ingress.2541437006.cidr_blocks.#": "1",
                            "ingress.2541437006.cidr_blocks.0": "0.0.0.0/0",
                            "ingress.2541437006.description": "",
                            "ingress.2541437006.from_port": "22",
                            "ingress.2541437006.ipv6_cidr_blocks.#": "0",
                            "ingress.2541437006.prefix_list_ids.#": "0",
                            "ingress.2541437006.protocol": "tcp",
                            "ingress.2541437006.security_groups.#": "0",
                            "ingress.2541437006.self": "false",
                            "ingress.2541437006.to_port": "22",
                            "name": "web-node-secgroup",
                            "owner_id": "964532507049",
                            "revoke_rules_on_delete": "false",
                            "tags.%": "0",
                            "vpc_id": "vpc-0608253ef95c54d82"
                        },
                        "meta": {
                            "e2bfb730-ecaa-11e6-8f88-34363bc7c4c0": {
                                "create": 600000000000,
                                "delete": 600000000000
                            },
                            "schema_version": "1"
                        },
                        "tainted": false
                    },
                    "deposed": [],
                    "provider": "module.dev_vcp.provider.aws"
                },
                "aws_subnet.vpc_dev_subnet.0": {
                    "type": "aws_subnet",
                    "depends_on": [
                        "aws_vpc.VPC_DEV"
                    ],
                    "primary": {
                        "id": "subnet-07b42eb6f96a18dac",
                        "attributes": {
                            "arn": "arn:aws:ec2:us-east-1:964532507049:subnet/subnet-07b42eb6f96a18dac",
                            "assign_ipv6_address_on_creation": "false",
                            "availability_zone": "us-east-1c",
                            "cidr_block": "172.31.0.0/25",
                            "id": "subnet-07b42eb6f96a18dac",
                            "map_public_ip_on_launch": "false",
                            "tags.%": "1",
                            "tags.Name": "vpc_dev_subnet_ 1",
                            "vpc_id": "vpc-0608253ef95c54d82"
                        },
                        "meta": {
                            "e2bfb730-ecaa-11e6-8f88-34363bc7c4c0": {
                                "create": 600000000000,
                                "delete": 600000000000
                            },
                            "schema_version": "1"
                        },
                        "tainted": false
                    },
                    "deposed": [],
                    "provider": "module.dev_vcp.provider.aws"
                },
                "aws_subnet.vpc_dev_subnet.1": {
                    "type": "aws_subnet",
                    "depends_on": [
                        "aws_vpc.VPC_DEV"
                    ],
                    "primary": {
                        "id": "subnet-0d023f070e7442a70",
                        "attributes": {
                            "arn": "arn:aws:ec2:us-east-1:964532507049:subnet/subnet-0d023f070e7442a70",
                            "assign_ipv6_address_on_creation": "false",
                            "availability_zone": "us-east-1d",
                            "cidr_block": "172.31.0.128/25",
                            "id": "subnet-0d023f070e7442a70",
                            "map_public_ip_on_launch": "false",
                            "tags.%": "1",
                            "tags.Name": "vpc_dev_subnet_ 2",
                            "vpc_id": "vpc-0608253ef95c54d82"
                        },
                        "meta": {
                            "e2bfb730-ecaa-11e6-8f88-34363bc7c4c0": {
                                "create": 600000000000,
                                "delete": 600000000000
                            },
                            "schema_version": "1"
                        },
                        "tainted": false
                    },
                    "deposed": [],
                    "provider": "module.dev_vcp.provider.aws"
                },
                "aws_vpc.VPC_DEV": {
                    "type": "aws_vpc",
                    "depends_on": [],
                    "primary": {
                        "id": "vpc-0608253ef95c54d82",
                        "attributes": {
                            "arn": "arn:aws:ec2:us-east-1:964532507049:vpc/vpc-0608253ef95c54d82",
                            "assign_generated_ipv6_cidr_block": "false",
                            "cidr_block": "172.31.0.0/24",
                            "default_network_acl_id": "acl-033936f2190f3b6c0",
                            "default_route_table_id": "rtb-033e51d2db7cf2565",
                            "default_security_group_id": "sg-0851fa370c3a9a93f",
                            "dhcp_options_id": "dopt-3320bb48",
                            "enable_classiclink": "false",
                            "enable_classiclink_dns_support": "false",
                            "enable_dns_hostnames": "false",
                            "enable_dns_support": "true",
                            "id": "vpc-0608253ef95c54d82",
                            "instance_tenancy": "default",
                            "ipv6_association_id": "",
                            "ipv6_cidr_block": "",
                            "main_route_table_id": "rtb-033e51d2db7cf2565",
                            "tags.%": "1",
                            "tags.Name": "VPC_DEV"
                        },
                        "meta": {
                            "schema_version": "1"
                        },
                        "tainted": false
                    },
                    "deposed": [],
                    "provider": "module.dev_vcp.provider.aws"
                }
            },
            "depends_on": []
        }
    ]
}
