{
    "version": 3,
    "terraform_version": "0.11.7",
    "serial": 6,
    "lineage": "4511ad05-f1e6-6055-f261-e5e48aae78df",
    "modules": [
        {
            "path": [
                "root"
            ],
            "outputs": {
                "instance_publicip": {
                    "sensitive": false,
                    "type": "list",
                    "value": [
                        "34.201.169.173",
                        "34.203.220.175"
                    ]
                }
            },
            "resources": {
                "aws_instance.web-node.0": {
                    "type": "aws_instance",
                    "depends_on": [
                        "aws_key_pair.my-key",
                        "aws_security_group.web-node-secgroup"
                    ],
                    "primary": {
                        "id": "i-04401bd16ef238393",
                        "attributes": {
                            "ami": "ami-06b5810be11add0e2",
                            "arn": "arn:aws:ec2:us-east-1:964532507049:instance/i-04401bd16ef238393",
                            "associate_public_ip_address": "true",
                            "availability_zone": "us-east-1c",
                            "cpu_core_count": "1",
                            "cpu_threads_per_core": "1",
                            "credit_specification.#": "1",
                            "credit_specification.0.cpu_credits": "standard",
                            "disable_api_termination": "false",
                            "ebs_block_device.#": "0",
                            "ebs_optimized": "false",
                            "ephemeral_block_device.#": "0",
                            "get_password_data": "false",
                            "iam_instance_profile": "",
                            "id": "i-04401bd16ef238393",
                            "instance_state": "running",
                            "instance_type": "t2.micro",
                            "ipv6_addresses.#": "0",
                            "key_name": "my-key",
                            "monitoring": "false",
                            "network_interface.#": "0",
                            "network_interface_id": "eni-0610647e21e044eb4",
                            "password_data": "",
                            "placement_group": "",
                            "primary_network_interface_id": "eni-0610647e21e044eb4",
                            "private_dns": "ip-172-31-38-233.ec2.internal",
                            "private_ip": "172.31.38.233",
                            "public_dns": "ec2-34-201-169-173.compute-1.amazonaws.com",
                            "public_ip": "34.201.169.173",
                            "root_block_device.#": "1",
                            "root_block_device.0.delete_on_termination": "true",
                            "root_block_device.0.iops": "100",
                            "root_block_device.0.volume_id": "vol-04a04beb0330c703e",
                            "root_block_device.0.volume_size": "8",
                            "root_block_device.0.volume_type": "gp2",
                            "security_groups.#": "1",
                            "security_groups.2324348437": "web-node-secgroup",
                            "source_dest_check": "true",
                            "subnet_id": "subnet-6b9d2837",
                            "tags.%": "1",
                            "tags.name": "web-node-01",
                            "tenancy": "default",
                            "volume_tags.%": "0",
                            "vpc_security_group_ids.#": "1",
                            "vpc_security_group_ids.3852362164": "sg-0adb66716710f7fda"
                        },
                        "meta": {
                            "e2bfb730-ecaa-11e6-8f88-34363bc7c4c0": {
                                "create": 600000000000,
                                "delete": 1200000000000,
                                "update": 600000000000
                            },
                            "schema_version": "1"
                        },
                        "tainted": false
                    },
                    "deposed": [],
                    "provider": "provider.aws"
                },
                "aws_instance.web-node.1": {
                    "type": "aws_instance",
                    "depends_on": [
                        "aws_key_pair.my-key",
                        "aws_security_group.web-node-secgroup"
                    ],
                    "primary": {
                        "id": "i-0b1900a20253e2e34",
                        "attributes": {
                            "ami": "ami-06b5810be11add0e2",
                            "arn": "arn:aws:ec2:us-east-1:964532507049:instance/i-0b1900a20253e2e34",
                            "associate_public_ip_address": "true",
                            "availability_zone": "us-east-1c",
                            "cpu_core_count": "1",
                            "cpu_threads_per_core": "1",
                            "credit_specification.#": "1",
                            "credit_specification.0.cpu_credits": "standard",
                            "disable_api_termination": "false",
                            "ebs_block_device.#": "0",
                            "ebs_optimized": "false",
                            "ephemeral_block_device.#": "0",
                            "get_password_data": "false",
                            "iam_instance_profile": "",
                            "id": "i-0b1900a20253e2e34",
                            "instance_state": "running",
                            "instance_type": "t2.micro",
                            "ipv6_addresses.#": "0",
                            "key_name": "my-key",
                            "monitoring": "false",
                            "network_interface.#": "0",
                            "network_interface_id": "eni-02de5a6881ec1487b",
                            "password_data": "",
                            "placement_group": "",
                            "primary_network_interface_id": "eni-02de5a6881ec1487b",
                            "private_dns": "ip-172-31-47-134.ec2.internal",
                            "private_ip": "172.31.47.134",
                            "public_dns": "ec2-34-203-220-175.compute-1.amazonaws.com",
                            "public_ip": "34.203.220.175",
                            "root_block_device.#": "1",
                            "root_block_device.0.delete_on_termination": "true",
                            "root_block_device.0.iops": "100",
                            "root_block_device.0.volume_id": "vol-07d5eab8fd2d6f83c",
                            "root_block_device.0.volume_size": "8",
                            "root_block_device.0.volume_type": "gp2",
                            "security_groups.#": "1",
                            "security_groups.2324348437": "web-node-secgroup",
                            "source_dest_check": "true",
                            "subnet_id": "subnet-6b9d2837",
                            "tags.%": "1",
                            "tags.name": "web-node-02",
                            "tenancy": "default",
                            "volume_tags.%": "0",
                            "vpc_security_group_ids.#": "1",
                            "vpc_security_group_ids.3852362164": "sg-0adb66716710f7fda"
                        },
                        "meta": {
                            "e2bfb730-ecaa-11e6-8f88-34363bc7c4c0": {
                                "create": 600000000000,
                                "delete": 1200000000000,
                                "update": 600000000000
                            },
                            "schema_version": "1"
                        },
                        "tainted": false
                    },
                    "deposed": [],
                    "provider": "provider.aws"
                },
                "aws_key_pair.my-key": {
                    "type": "aws_key_pair",
                    "depends_on": [],
                    "primary": {
                        "id": "my-key",
                        "attributes": {
                            "fingerprint": "e9:9f:1b:52:f9:ad:c2:13:62:d9:ef:a5:ef:f5:30:f2",
                            "id": "my-key",
                            "key_name": "my-key",
                            "public_key": "ssh-rsa AAAAB3NzaC1yc2EAAAADAQABAAABAQDaZ1RVCIRANk8vVwDrtIdP3sfe2DXDohx1NR3N7PojTZDwn6Ge4ltH27K6dKa8iznG6KchuXF4MUoliY1/Nx40HPrxzk0mMy9FByIyrgpeAYv4ZDZvbhXack8HuGWgKVVHvjwIAGDpsUKwLYHKQ4IdVqy6cOPaOmYsZN/nqXEvQPjeobdwQMcqNpAqMGIoWCBLzryT0QV/kpAQwxHwaYi37yfhB/tFpDR06RAhRn6ntgBvaDZu6HxbRAaGbAUfiHH3XU6e8sqx9oOFwmzbZ0momXATUXAcfoSlBnAYsfFbp16L9Ctl5nvmepTHqgWOROnW+dyf5kYdmiXQeRyQs7yP vikash@LAPTOP-VM8HATNP"
                        },
                        "meta": {
                            "schema_version": "1"
                        },
                        "tainted": false
                    },
                    "deposed": [],
                    "provider": "provider.aws"
                },
                "aws_security_group.web-node-secgroup": {
                    "type": "aws_security_group",
                    "depends_on": [],
                    "primary": {
                        "id": "sg-0adb66716710f7fda",
                        "attributes": {
                            "arn": "arn:aws:ec2:us-east-1:964532507049:security-group/sg-0adb66716710f7fda",
                            "description": "Web Security Group",
                            "egress.#": "1",
                            "egress.482069346.cidr_blocks.#": "1",
                            "egress.482069346.cidr_blocks.0": "0.0.0.0/0",
                            "egress.482069346.description": "",
                            "egress.482069346.from_port": "0",
                            "egress.482069346.ipv6_cidr_blocks.#": "0",
                            "egress.482069346.prefix_list_ids.#": "0",
                            "egress.482069346.protocol": "-1",
                            "egress.482069346.security_groups.#": "0",
                            "egress.482069346.self": "false",
                            "egress.482069346.to_port": "0",
                            "id": "sg-0adb66716710f7fda",
                            "ingress.#": "2",
                            "ingress.2214680975.cidr_blocks.#": "1",
                            "ingress.2214680975.cidr_blocks.0": "0.0.0.0/0",
                            "ingress.2214680975.description": "",
                            "ingress.2214680975.from_port": "80",
                            "ingress.2214680975.ipv6_cidr_blocks.#": "0",
                            "ingress.2214680975.prefix_list_ids.#": "0",
                            "ingress.2214680975.protocol": "tcp",
                            "ingress.2214680975.security_groups.#": "0",
                            "ingress.2214680975.self": "false",
                            "ingress.2214680975.to_port": "80",
                            "ingress.2541437006.cidr_blocks.#": "1",
                            "ingress.2541437006.cidr_blocks.0": "0.0.0.0/0",
                            "ingress.2541437006.description": "",
                            "ingress.2541437006.from_port": "22",
                            "ingress.2541437006.ipv6_cidr_blocks.#": "0",
                            "ingress.2541437006.prefix_list_ids.#": "0",
                            "ingress.2541437006.protocol": "tcp",
                            "ingress.2541437006.security_groups.#": "0",
                            "ingress.2541437006.self": "false",
                            "ingress.2541437006.to_port": "22",
                            "name": "web-node-secgroup",
                            "owner_id": "964532507049",
                            "revoke_rules_on_delete": "false",
                            "tags.%": "0",
                            "vpc_id": "vpc-594db423"
                        },
                        "meta": {
                            "e2bfb730-ecaa-11e6-8f88-34363bc7c4c0": {
                                "create": 600000000000,
                                "delete": 600000000000
                            },
                            "schema_version": "1"
                        },
                        "tainted": false
                    },
                    "deposed": [],
                    "provider": "provider.aws"
                }
            },
            "depends_on": []
        }
    ]
}
