{
    "version": 3,
    "terraform_version": "0.11.7",
    "serial": 5,
    "lineage": "05448ad0-4f99-ed04-0f2a-0001b7697692",
    "modules": [
        {
            "path": [
                "root"
            ],
            "outputs": {
                "vcp_subnets": {
                    "sensitive": false,
                    "type": "list",
                    "value": [
                        "subnet-0dd4a799b156cd019",
                        "subnet-0d4956934898828f6"
                    ]
                },
                "vpc_id": {
                    "sensitive": false,
                    "type": "string",
                    "value": "vpc-0f03ce9bdeb684b7f"
                },
                "webnode_sec_group": {
                    "sensitive": false,
                    "type": "string",
                    "value": "web-node-secgroup"
                }
            },
            "resources": {
                "aws_security_group.web-node-secgroup": {
                    "type": "aws_security_group",
                    "depends_on": [],
                    "primary": {
                        "id": "sg-0e47a15bfb3cac2a4",
                        "attributes": {
                            "arn": "arn:aws:ec2:us-east-1:964532507049:security-group/sg-0e47a15bfb3cac2a4",
                            "description": "Web Security Group",
                            "egress.#": "1",
                            "egress.482069346.cidr_blocks.#": "1",
                            "egress.482069346.cidr_blocks.0": "0.0.0.0/0",
                            "egress.482069346.description": "",
                            "egress.482069346.from_port": "0",
                            "egress.482069346.ipv6_cidr_blocks.#": "0",
                            "egress.482069346.prefix_list_ids.#": "0",
                            "egress.482069346.protocol": "-1",
                            "egress.482069346.security_groups.#": "0",
                            "egress.482069346.self": "false",
                            "egress.482069346.to_port": "0",
                            "id": "sg-0e47a15bfb3cac2a4",
                            "ingress.#": "2",
                            "ingress.2214680975.cidr_blocks.#": "1",
                            "ingress.2214680975.cidr_blocks.0": "0.0.0.0/0",
                            "ingress.2214680975.description": "",
                            "ingress.2214680975.from_port": "80",
                            "ingress.2214680975.ipv6_cidr_blocks.#": "0",
                            "ingress.2214680975.prefix_list_ids.#": "0",
                            "ingress.2214680975.protocol": "tcp",
                            "ingress.2214680975.security_groups.#": "0",
                            "ingress.2214680975.self": "false",
                            "ingress.2214680975.to_port": "80",
                            "ingress.2541437006.cidr_blocks.#": "1",
                            "ingress.2541437006.cidr_blocks.0": "0.0.0.0/0",
                            "ingress.2541437006.description": "",
                            "ingress.2541437006.from_port": "22",
                            "ingress.2541437006.ipv6_cidr_blocks.#": "0",
                            "ingress.2541437006.prefix_list_ids.#": "0",
                            "ingress.2541437006.protocol": "tcp",
                            "ingress.2541437006.security_groups.#": "0",
                            "ingress.2541437006.self": "false",
                            "ingress.2541437006.to_port": "22",
                            "name": "web-node-secgroup",
                            "owner_id": "964532507049",
                            "revoke_rules_on_delete": "false",
                            "tags.%": "0",
                            "vpc_id": "vpc-594db423"
                        },
                        "meta": {
                            "e2bfb730-ecaa-11e6-8f88-34363bc7c4c0": {
                                "create": 600000000000,
                                "delete": 600000000000
                            },
                            "schema_version": "1"
                        },
                        "tainted": false
                    },
                    "deposed": [],
                    "provider": "provider.aws"
                },
                "aws_subnet.vpc_dev_subnet.0": {
                    "type": "aws_subnet",
                    "depends_on": [
                        "aws_vpc.VPC_DEV"
                    ],
                    "primary": {
                        "id": "subnet-0dd4a799b156cd019",
                        "attributes": {
                            "arn": "arn:aws:ec2:us-east-1:964532507049:subnet/subnet-0dd4a799b156cd019",
                            "assign_ipv6_address_on_creation": "false",
                            "availability_zone": "us-east-1c",
                            "cidr_block": "172.31.0.0/25",
                            "id": "subnet-0dd4a799b156cd019",
                            "map_public_ip_on_launch": "false",
                            "tags.%": "1",
                            "tags.Name": "vpc_dev_subnet_ 1",
                            "vpc_id": "vpc-0f03ce9bdeb684b7f"
                        },
                        "meta": {
                            "e2bfb730-ecaa-11e6-8f88-34363bc7c4c0": {
                                "create": 600000000000,
                                "delete": 600000000000
                            },
                            "schema_version": "1"
                        },
                        "tainted": false
                    },
                    "deposed": [],
                    "provider": "provider.aws"
                },
                "aws_subnet.vpc_dev_subnet.1": {
                    "type": "aws_subnet",
                    "depends_on": [
                        "aws_vpc.VPC_DEV"
                    ],
                    "primary": {
                        "id": "subnet-0d4956934898828f6",
                        "attributes": {
                            "arn": "arn:aws:ec2:us-east-1:964532507049:subnet/subnet-0d4956934898828f6",
                            "assign_ipv6_address_on_creation": "false",
                            "availability_zone": "us-east-1a",
                            "cidr_block": "172.31.0.128/25",
                            "id": "subnet-0d4956934898828f6",
                            "map_public_ip_on_launch": "false",
                            "tags.%": "1",
                            "tags.Name": "vpc_dev_subnet_ 2",
                            "vpc_id": "vpc-0f03ce9bdeb684b7f"
                        },
                        "meta": {
                            "e2bfb730-ecaa-11e6-8f88-34363bc7c4c0": {
                                "create": 600000000000,
                                "delete": 600000000000
                            },
                            "schema_version": "1"
                        },
                        "tainted": false
                    },
                    "deposed": [],
                    "provider": "provider.aws"
                },
                "aws_vpc.VPC_DEV": {
                    "type": "aws_vpc",
                    "depends_on": [],
                    "primary": {
                        "id": "vpc-0f03ce9bdeb684b7f",
                        "attributes": {
                            "arn": "arn:aws:ec2:us-east-1:964532507049:vpc/vpc-0f03ce9bdeb684b7f",
                            "assign_generated_ipv6_cidr_block": "false",
                            "cidr_block": "172.31.0.0/24",
                            "default_network_acl_id": "acl-0aeb4f42273022763",
                            "default_route_table_id": "rtb-012e23e03b4530e2f",
                            "default_security_group_id": "sg-0810e53f59359ade9",
                            "dhcp_options_id": "dopt-3320bb48",
                            "enable_classiclink": "false",
                            "enable_classiclink_dns_support": "false",
                            "enable_dns_hostnames": "false",
                            "enable_dns_support": "true",
                            "id": "vpc-0f03ce9bdeb684b7f",
                            "instance_tenancy": "default",
                            "ipv6_association_id": "",
                            "ipv6_cidr_block": "",
                            "main_route_table_id": "rtb-012e23e03b4530e2f",
                            "tags.%": "1",
                            "tags.Name": "VPC_DEV"
                        },
                        "meta": {
                            "schema_version": "1"
                        },
                        "tainted": false
                    },
                    "deposed": [],
                    "provider": "provider.aws"
                }
            },
            "depends_on": []
        }
    ]
}
